{
  "name": "typescript",
  "version": "1.0.0",
  "lockfileVersion": 1,
  "requires": true,
  "dependencies": {
    "reflect-metadata": {
      "version": "0.1.13",
      "resolved": "https://registry.npmjs.org/reflect-metadata/-/reflect-metadata-0.1.13.tgz",
      "integrity": "sha512-Ts1Y/anZELhSsjMcU605fU9RE4Oi3p5ORujwbIKXfWa+0Zxs510Qrmrce5/Jowq3cHSZSJqBjypxmHarc+vEWg=="
    },
    "serialazy": {
      "version": "2.0.1",
      "resolved": "https://registry.npmjs.org/serialazy/-/serialazy-2.0.1.tgz",
      "integrity": "sha512-GjTEvAFmZcTGVRttRqUdrxBnVIx31YAsRXJCKgzHkYjRI/5wl6B3aYtbhE0AnfdyhTb0pbsvnO2LreWLAermTw==",
      "requires": {
        "reflect-metadata": "^0.1.10"
      }
    },
    "typescript": {
      "version": "3.3.3333",
      "resolved": "https://registry.npmjs.org/typescript/-/typescript-3.3.3333.tgz",
      "integrity": "sha512-JjSKsAfuHBE/fB2oZ8NxtRTk5iGcg6hkYXMnZ3Wc+b2RSqejEqTaem11mHASMnFilHrax3sLK0GDzcJrekZYLw=="
    }
  }
}
